// !$*UTF8*$!
{
	archiveVersion = 1;
	classes = {
	};
	objectVersion = 50;
	objects = {

/* Begin PBXBuildFile section */
		01019AFB234A0E9E00DF14F2 /* APIService.swift in Sources */ = {isa = PBXBuildFile; fileRef = 01019AFA234A0E9E00DF14F2 /* APIService.swift */; };
		01019AFE234A0F5C00DF14F2 /* AccountModel.swift in Sources */ = {isa = PBXBuildFile; fileRef = 01019AFD234A0F5C00DF14F2 /* AccountModel.swift */; };
		01019B04234A112A00DF14F2 /* TransactionsModel.swift in Sources */ = {isa = PBXBuildFile; fileRef = 01019B03234A112A00DF14F2 /* TransactionsModel.swift */; };
		01019B06234A122000DF14F2 /* UserAccountModel.swift in Sources */ = {isa = PBXBuildFile; fileRef = 01019B05234A122000DF14F2 /* UserAccountModel.swift */; };
		012A02CA234A164900572958 /* SViewController.swift in Sources */ = {isa = PBXBuildFile; fileRef = 012A02C9234A164900572958 /* SViewController.swift */; };
		012A02CC234A166300572958 /* UserAccountSummaryViewModel.swift in Sources */ = {isa = PBXBuildFile; fileRef = 012A02CB234A166300572958 /* UserAccountSummaryViewModel.swift */; };
		012A02D0234A284900572958 /* UserAccountDetailViewController.swift in Sources */ = {isa = PBXBuildFile; fileRef = 012A02CF234A284900572958 /* UserAccountDetailViewController.swift */; };
		012A02D2234A316000572958 /* UserAccountDetailViewModel.swift in Sources */ = {isa = PBXBuildFile; fileRef = 012A02D1234A316000572958 /* UserAccountDetailViewModel.swift */; };
		012A02D5234A3CBA00572958 /* UserAccountSummaryCollectionView.xib in Resources */ = {isa = PBXBuildFile; fileRef = 012A02D4234A3CBA00572958 /* UserAccountSummaryCollectionView.xib */; };
		012A02D7234A3CCB00572958 /* UserAccountSummaryCollectionView.swift in Sources */ = {isa = PBXBuildFile; fileRef = 012A02D6234A3CCB00572958 /* UserAccountSummaryCollectionView.swift */; };
		012A02D9234A41FD00572958 /* UIView+NibLoadable.swift in Sources */ = {isa = PBXBuildFile; fileRef = 012A02D8234A41FD00572958 /* UIView+NibLoadable.swift */; };
		012A02DC234A425500572958 /* ViewDataConfigurable.swift in Sources */ = {isa = PBXBuildFile; fileRef = 012A02DB234A425500572958 /* ViewDataConfigurable.swift */; };
		012DE794234A0B6E0010BCFE /* AppDelegate.swift in Sources */ = {isa = PBXBuildFile; fileRef = 012DE793234A0B6E0010BCFE /* AppDelegate.swift */; };
		012DE796234A0B6E0010BCFE /* UserAccountSummaryViewController.swift in Sources */ = {isa = PBXBuildFile; fileRef = 012DE795234A0B6E0010BCFE /* UserAccountSummaryViewController.swift */; };
		012DE799234A0B6E0010BCFE /* Main.storyboard in Resources */ = {isa = PBXBuildFile; fileRef = 012DE797234A0B6E0010BCFE /* Main.storyboard */; };
		012DE79B234A0B730010BCFE /* Assets.xcassets in Resources */ = {isa = PBXBuildFile; fileRef = 012DE79A234A0B730010BCFE /* Assets.xcassets */; };
		012DE79E234A0B730010BCFE /* LaunchScreen.storyboard in Resources */ = {isa = PBXBuildFile; fileRef = 012DE79C234A0B730010BCFE /* LaunchScreen.storyboard */; };
/* End PBXBuildFile section */

/* Begin PBXFileReference section */
		01019AFA234A0E9E00DF14F2 /* APIService.swift */ = {isa = PBXFileReference; lastKnownFileType = sourcecode.swift; path = APIService.swift; sourceTree = "<group>"; };
		01019AFD234A0F5C00DF14F2 /* AccountModel.swift */ = {isa = PBXFileReference; lastKnownFileType = sourcecode.swift; path = AccountModel.swift; sourceTree = "<group>"; };
		01019B03234A112A00DF14F2 /* TransactionsModel.swift */ = {isa = PBXFileReference; lastKnownFileType = sourcecode.swift; path = TransactionsModel.swift; sourceTree = "<group>"; };
		01019B05234A122000DF14F2 /* UserAccountModel.swift */ = {isa = PBXFileReference; lastKnownFileType = sourcecode.swift; path = UserAccountModel.swift; sourceTree = "<group>"; };
		012A02C9234A164900572958 /* SViewController.swift */ = {isa = PBXFileReference; lastKnownFileType = sourcecode.swift; path = SViewController.swift; sourceTree = "<group>"; };
		012A02CB234A166300572958 /* UserAccountSummaryViewModel.swift */ = {isa = PBXFileReference; lastKnownFileType = sourcecode.swift; path = UserAccountSummaryViewModel.swift; sourceTree = "<group>"; };
		012A02CF234A284900572958 /* UserAccountDetailViewController.swift */ = {isa = PBXFileReference; lastKnownFileType = sourcecode.swift; path = UserAccountDetailViewController.swift; sourceTree = "<group>"; };
		012A02D1234A316000572958 /* UserAccountDetailViewModel.swift */ = {isa = PBXFileReference; lastKnownFileType = sourcecode.swift; path = UserAccountDetailViewModel.swift; sourceTree = "<group>"; };
		012A02D4234A3CBA00572958 /* UserAccountSummaryCollectionView.xib */ = {isa = PBXFileReference; lastKnownFileType = file.xib; path = UserAccountSummaryCollectionView.xib; sourceTree = "<group>"; };
		012A02D6234A3CCB00572958 /* UserAccountSummaryCollectionView.swift */ = {isa = PBXFileReference; lastKnownFileType = sourcecode.swift; path = UserAccountSummaryCollectionView.swift; sourceTree = "<group>"; };
		012A02D8234A41FD00572958 /* UIView+NibLoadable.swift */ = {isa = PBXFileReference; lastKnownFileType = sourcecode.swift; path = "UIView+NibLoadable.swift"; sourceTree = "<group>"; };
		012A02DB234A425500572958 /* ViewDataConfigurable.swift */ = {isa = PBXFileReference; lastKnownFileType = sourcecode.swift; path = ViewDataConfigurable.swift; sourceTree = "<group>"; };
		012DE790234A0B6E0010BCFE /* syncmoneytechnical.app */ = {isa = PBXFileReference; explicitFileType = wrapper.application; includeInIndex = 0; path = syncmoneytechnical.app; sourceTree = BUILT_PRODUCTS_DIR; };
		012DE793234A0B6E0010BCFE /* AppDelegate.swift */ = {isa = PBXFileReference; lastKnownFileType = sourcecode.swift; path = AppDelegate.swift; sourceTree = "<group>"; };
		012DE795234A0B6E0010BCFE /* UserAccountSummaryViewController.swift */ = {isa = PBXFileReference; lastKnownFileType = sourcecode.swift; path = UserAccountSummaryViewController.swift; sourceTree = "<group>"; };
		012DE798234A0B6E0010BCFE /* Base */ = {isa = PBXFileReference; lastKnownFileType = file.storyboard; name = Base; path = Base.lproj/Main.storyboard; sourceTree = "<group>"; };
		012DE79A234A0B730010BCFE /* Assets.xcassets */ = {isa = PBXFileReference; lastKnownFileType = folder.assetcatalog; path = Assets.xcassets; sourceTree = "<group>"; };
		012DE79D234A0B730010BCFE /* Base */ = {isa = PBXFileReference; lastKnownFileType = file.storyboard; name = Base; path = Base.lproj/LaunchScreen.storyboard; sourceTree = "<group>"; };
		012DE79F234A0B730010BCFE /* Info.plist */ = {isa = PBXFileReference; lastKnownFileType = text.plist.xml; path = Info.plist; sourceTree = "<group>"; };
/* End PBXFileReference section */

/* Begin PBXFrameworksBuildPhase section */
		012DE78D234A0B6E0010BCFE /* Frameworks */ = {
			isa = PBXFrameworksBuildPhase;
			buildActionMask = 2147483647;
			files = (
			);
			runOnlyForDeploymentPostprocessing = 0;
		};
/* End PBXFrameworksBuildPhase section */

/* Begin PBXGroup section */
		01019AF9234A0E7100DF14F2 /* Service */ = {
			isa = PBXGroup;
			children = (
				01019AFC234A0F4E00DF14F2 /* API Models */,
				01019AFA234A0E9E00DF14F2 /* APIService.swift */,
			);
			path = Service;
			sourceTree = "<group>";
		};
		01019AFC234A0F4E00DF14F2 /* API Models */ = {
			isa = PBXGroup;
			children = (
				01019AFD234A0F5C00DF14F2 /* AccountModel.swift */,
				01019B03234A112A00DF14F2 /* TransactionsModel.swift */,
				01019B05234A122000DF14F2 /* UserAccountModel.swift */,
			);
			path = "API Models";
			sourceTree = "<group>";
		};
		01019B00234A106200DF14F2 /* View Controllers */ = {
			isa = PBXGroup;
			children = (
				012DE795234A0B6E0010BCFE /* UserAccountSummaryViewController.swift */,
				012A02CF234A284900572958 /* UserAccountDetailViewController.swift */,
				012A02C9234A164900572958 /* SViewController.swift */,
			);
			path = "View Controllers";
			sourceTree = "<group>";
		};
		01019B01234A106F00DF14F2 /* Extensions */ = {
			isa = PBXGroup;
			children = (
				012A02D8234A41FD00572958 /* UIView+NibLoadable.swift */,
			);
			path = Extensions;
			sourceTree = "<group>";
		};
		01019B02234A107400DF14F2 /* View Models */ = {
			isa = PBXGroup;
			children = (
				012A02CB234A166300572958 /* UserAccountSummaryViewModel.swift */,
				012A02D1234A316000572958 /* UserAccountDetailViewModel.swift */,
			);
			path = "View Models";
			sourceTree = "<group>";
		};
		012A02D3234A3C9300572958 /* Views */ = {
			isa = PBXGroup;
			children = (
				012A02D4234A3CBA00572958 /* UserAccountSummaryCollectionView.xib */,
				012A02D6234A3CCB00572958 /* UserAccountSummaryCollectionView.swift */,
			);
			path = Views;
			sourceTree = "<group>";
		};
		012A02DA234A424A00572958 /* Helpers */ = {
			isa = PBXGroup;
			children = (
				012A02DB234A425500572958 /* ViewDataConfigurable.swift */,
			);
			path = Helpers;
			sourceTree = "<group>";
		};
		012DE787234A0B6E0010BCFE = {
			isa = PBXGroup;
			children = (
				012DE792234A0B6E0010BCFE /* syncmoneytechnical */,
				012DE791234A0B6E0010BCFE /* Products */,
			);
			sourceTree = "<group>";
		};
		012DE791234A0B6E0010BCFE /* Products */ = {
			isa = PBXGroup;
			children = (
				012DE790234A0B6E0010BCFE /* syncmoneytechnical.app */,
			);
			name = Products;
			sourceTree = "<group>";
		};
		012DE792234A0B6E0010BCFE /* syncmoneytechnical */ = {
			isa = PBXGroup;
			children = (
				012A02DA234A424A00572958 /* Helpers */,
				012A02D3234A3C9300572958 /* Views */,
				01019B01234A106F00DF14F2 /* Extensions */,
				01019B00234A106200DF14F2 /* View Controllers */,
				01019B02234A107400DF14F2 /* View Models */,
				01019AF9234A0E7100DF14F2 /* Service */,
				012DE793234A0B6E0010BCFE /* AppDelegate.swift */,
				012DE797234A0B6E0010BCFE /* Main.storyboard */,
				012DE79A234A0B730010BCFE /* Assets.xcassets */,
				012DE79C234A0B730010BCFE /* LaunchScreen.storyboard */,
				012DE79F234A0B730010BCFE /* Info.plist */,
			);
			path = syncmoneytechnical;
			sourceTree = "<group>";
		};
/* End PBXGroup section */

/* Begin PBXNativeTarget section */
		012DE78F234A0B6E0010BCFE /* syncmoneytechnical */ = {
			isa = PBXNativeTarget;
			buildConfigurationList = 012DE7A2234A0B730010BCFE /* Build configuration list for PBXNativeTarget "syncmoneytechnical" */;
			buildPhases = (
				012DE78C234A0B6E0010BCFE /* Sources */,
				012DE78D234A0B6E0010BCFE /* Frameworks */,
				012DE78E234A0B6E0010BCFE /* Resources */,
			);
			buildRules = (
			);
			dependencies = (
			);
			name = syncmoneytechnical;
			productName = syncmoneytechnical;
			productReference = 012DE790234A0B6E0010BCFE /* syncmoneytechnical.app */;
			productType = "com.apple.product-type.application";
		};
/* End PBXNativeTarget section */

/* Begin PBXProject section */
		012DE788234A0B6E0010BCFE /* Project object */ = {
			isa = PBXProject;
			attributes = {
				LastSwiftUpdateCheck = 1030;
				LastUpgradeCheck = 1030;
				ORGANIZATIONNAME = JIG_R;
				TargetAttributes = {
					012DE78F234A0B6E0010BCFE = {
						CreatedOnToolsVersion = 10.3;
					};
				};
			};
			buildConfigurationList = 012DE78B234A0B6E0010BCFE /* Build configuration list for PBXProject "syncmoneytechnical" */;
			compatibilityVersion = "Xcode 9.3";
			developmentRegion = en;
			hasScannedForEncodings = 0;
			knownRegions = (
				en,
				Base,
			);
			mainGroup = 012DE787234A0B6E0010BCFE;
			productRefGroup = 012DE791234A0B6E0010BCFE /* Products */;
			projectDirPath = "";
			projectRoot = "";
			targets = (
				012DE78F234A0B6E0010BCFE /* syncmoneytechnical */,
			);
		};
/* End PBXProject section */

/* Begin PBXResourcesBuildPhase section */
		012DE78E234A0B6E0010BCFE /* Resources */ = {
			isa = PBXResourcesBuildPhase;
			buildActionMask = 2147483647;
			files = (
				012DE79E234A0B730010BCFE /* LaunchScreen.storyboard in Resources */,
				012DE79B234A0B730010BCFE /* Assets.xcassets in Resources */,
				012A02D5234A3CBA00572958 /* UserAccountSummaryCollectionView.xib in Resources */,
				012DE799234A0B6E0010BCFE /* Main.storyboard in Resources */,
			);
			runOnlyForDeploymentPostprocessing = 0;
		};
/* End PBXResourcesBuildPhase section */

/* Begin PBXSourcesBuildPhase section */
		012DE78C234A0B6E0010BCFE /* Sources */ = {
			isa = PBXSourcesBuildPhase;
			buildActionMask = 2147483647;
			files = (
				012DE796234A0B6E0010BCFE /* UserAccountSummaryViewController.swift in Sources */,
				01019AFB234A0E9E00DF14F2 /* APIService.swift in Sources */,
				01019B06234A122000DF14F2 /* UserAccountModel.swift in Sources */,
				012DE794234A0B6E0010BCFE /* AppDelegate.swift in Sources */,
				01019B04234A112A00DF14F2 /* TransactionsModel.swift in Sources */,
				012A02DC234A425500572958 /* ViewDataConfigurable.swift in Sources */,
				012A02D0234A284900572958 /* UserAccountDetailViewController.swift in Sources */,
				012A02D2234A316000572958 /* UserAccountDetailViewModel.swift in Sources */,
				01019AFE234A0F5C00DF14F2 /* AccountModel.swift in Sources */,
				012A02D9234A41FD00572958 /* UIView+NibLoadable.swift in Sources */,
				012A02D7234A3CCB00572958 /* UserAccountSummaryCollectionView.swift in Sources */,
				012A02CC234A166300572958 /* UserAccountSummaryViewModel.swift in Sources */,
				012A02CA234A164900572958 /* SViewController.swift in Sources */,
			);
			runOnlyForDeploymentPostprocessing = 0;
		};
/* End PBXSourcesBuildPhase section */

/* Begin PBXVariantGroup section */
		012DE797234A0B6E0010BCFE /* Main.storyboard */ = {
			isa = PBXVariantGroup;
			children = (
				012DE798234A0B6E0010BCFE /* Base */,
			);
			name = Main.storyboard;
			sourceTree = "<group>";
		};
		012DE79C234A0B730010BCFE /* LaunchScreen.storyboard */ = {
			isa = PBXVariantGroup;
			children = (
				012DE79D234A0B730010BCFE /* Base */,
			);
			name = LaunchScreen.storyboard;
			sourceTree = "<group>";
		};
/* End PBXVariantGroup section */

/* Begin XCBuildConfiguration section */
		012DE7A0234A0B730010BCFE /* Debug */ = {
			isa = XCBuildConfiguration;
			buildSettings = {
				ALWAYS_SEARCH_USER_PATHS = NO;
				CLANG_ANALYZER_NONNULL = YES;
				CLANG_ANALYZER_NUMBER_OBJECT_CONVERSION = YES_AGGRESSIVE;
				CLANG_CXX_LANGUAGE_STANDARD = "gnu++14";
				CLANG_CXX_LIBRARY = "libc++";
				CLANG_ENABLE_MODULES = YES;
				CLANG_ENABLE_OBJC_ARC = YES;
				CLANG_ENABLE_OBJC_WEAK = YES;
				CLANG_WARN_BLOCK_CAPTURE_AUTORELEASING = YES;
				CLANG_WARN_BOOL_CONVERSION = YES;
				CLANG_WARN_COMMA = YES;
				CLANG_WARN_CONSTANT_CONVERSION = YES;
				CLANG_WARN_DEPRECATED_OBJC_IMPLEMENTATIONS = YES;
				CLANG_WARN_DIRECT_OBJC_ISA_USAGE = YES_ERROR;
				CLANG_WARN_DOCUMENTATION_COMMENTS = YES;
				CLANG_WARN_EMPTY_BODY = YES;
				CLANG_WARN_ENUM_CONVERSION = YES;
				CLANG_WARN_INFINITE_RECURSION = YES;
				CLANG_WARN_INT_CONVERSION = YES;
				CLANG_WARN_NON_LITERAL_NULL_CONVERSION = YES;
				CLANG_WARN_OBJC_IMPLICIT_RETAIN_SELF = YES;
				CLANG_WARN_OBJC_LITERAL_CONVERSION = YES;
				CLANG_WARN_OBJC_ROOT_CLASS = YES_ERROR;
				CLANG_WARN_RANGE_LOOP_ANALYSIS = YES;
				CLANG_WARN_STRICT_PROTOTYPES = YES;
				CLANG_WARN_SUSPICIOUS_MOVE = YES;
				CLANG_WARN_UNGUARDED_AVAILABILITY = YES_AGGRESSIVE;
				CLANG_WARN_UNREACHABLE_CODE = YES;
				CLANG_WARN__DUPLICATE_METHOD_MATCH = YES;
				CODE_SIGN_IDENTITY = "iPhone Developer";
				COPY_PHASE_STRIP = NO;
				DEBUG_INFORMATION_FORMAT = dwarf;
				ENABLE_STRICT_OBJC_MSGSEND = YES;
				ENABLE_TESTABILITY = YES;
				GCC_C_LANGUAGE_STANDARD = gnu11;
				GCC_DYNAMIC_NO_PIC = NO;
				GCC_NO_COMMON_BLOCKS = YES;
				GCC_OPTIMIZATION_LEVEL = 0;
				GCC_PREPROCESSOR_DEFINITIONS = (
					"DEBUG=1",
					"$(inherited)",
				);
				GCC_WARN_64_TO_32_BIT_CONVERSION = YES;
				GCC_WARN_ABOUT_RETURN_TYPE = YES_ERROR;
				GCC_WARN_UNDECLARED_SELECTOR = YES;
				GCC_WARN_UNINITIALIZED_AUTOS = YES_AGGRESSIVE;
				GCC_WARN_UNUSED_FUNCTION = YES;
				GCC_WARN_UNUSED_VARIABLE = YES;
				IPHONEOS_DEPLOYMENT_TARGET = 11.0;
				MTL_ENABLE_DEBUG_INFO = INCLUDE_SOURCE;
				MTL_FAST_MATH = YES;
				ONLY_ACTIVE_ARCH = YES;
				SDKROOT = iphoneos;
				SWIFT_ACTIVE_COMPILATION_CONDITIONS = DEBUG;
				SWIFT_OPTIMIZATION_LEVEL = "-Onone";
			};
			name = Debug;
		};
		012DE7A1234A0B730010BCFE /* Release */ = {
			isa = XCBuildConfiguration;
			buildSettings = {
				ALWAYS_SEARCH_USER_PATHS = NO;
				CLANG_ANALYZER_NONNULL = YES;
				CLANG_ANALYZER_NUMBER_OBJECT_CONVERSION = YES_AGGRESSIVE;
				CLANG_CXX_LANGUAGE_STANDARD = "gnu++14";
				CLANG_CXX_LIBRARY = "libc++";
				CLANG_ENABLE_MODULES = YES;
				CLANG_ENABLE_OBJC_ARC = YES;
				CLANG_ENABLE_OBJC_WEAK = YES;
				CLANG_WARN_BLOCK_CAPTURE_AUTORELEASING = YES;
				CLANG_WARN_BOOL_CONVERSION = YES;
				CLANG_WARN_COMMA = YES;
				CLANG_WARN_CONSTANT_CONVERSION = YES;
				CLANG_WARN_DEPRECATED_OBJC_IMPLEMENTATIONS = YES;
				CLANG_WARN_DIRECT_OBJC_ISA_USAGE = YES_ERROR;
				CLANG_WARN_DOCUMENTATION_COMMENTS = YES;
				CLANG_WARN_EMPTY_BODY = YES;
				CLANG_WARN_ENUM_CONVERSION = YES;
				CLANG_WARN_INFINITE_RECURSION = YES;
				CLANG_WARN_INT_CONVERSION = YES;
				CLANG_WARN_NON_LITERAL_NULL_CONVERSION = YES;
				CLANG_WARN_OBJC_IMPLICIT_RETAIN_SELF = YES;
				CLANG_WARN_OBJC_LITERAL_CONVERSION = YES;
				CLANG_WARN_OBJC_ROOT_CLASS = YES_ERROR;
				CLANG_WARN_RANGE_LOOP_ANALYSIS = YES;
				CLANG_WARN_STRICT_PROTOTYPES = YES;
				CLANG_WARN_SUSPICIOUS_MOVE = YES;
				CLANG_WARN_UNGUARDED_AVAILABILITY = YES_AGGRESSIVE;
				CLANG_WARN_UNREACHABLE_CODE = YES;
				CLANG_WARN__DUPLICATE_METHOD_MATCH = YES;
				CODE_SIGN_IDENTITY = "iPhone Developer";
				COPY_PHASE_STRIP = NO;
				DEBUG_INFORMATION_FORMAT = "dwarf-with-dsym";
				ENABLE_NS_ASSERTIONS = NO;
				ENABLE_STRICT_OBJC_MSGSEND = YES;
				GCC_C_LANGUAGE_STANDARD = gnu11;
				GCC_NO_COMMON_BLOCKS = YES;
				GCC_WARN_64_TO_32_BIT_CONVERSION = YES;
				GCC_WARN_ABOUT_RETURN_TYPE = YES_ERROR;
				GCC_WARN_UNDECLARED_SELECTOR = YES;
				GCC_WARN_UNINITIALIZED_AUTOS = YES_AGGRESSIVE;
				GCC_WARN_UNUSED_FUNCTION = YES;
				GCC_WARN_UNUSED_VARIABLE = YES;
				IPHONEOS_DEPLOYMENT_TARGET = 11.0;
				MTL_ENABLE_DEBUG_INFO = NO;
				MTL_FAST_MATH = YES;
				SDKROOT = iphoneos;
				SWIFT_COMPILATION_MODE = wholemodule;
				SWIFT_OPTIMIZATION_LEVEL = "-O";
				VALIDATE_PRODUCT = YES;
			};
			name = Release;
		};
		012DE7A3234A0B730010BCFE /* Debug */ = {
			isa = XCBuildConfiguration;
			buildSettings = {
				ASSETCATALOG_COMPILER_APPICON_NAME = AppIcon;
				CODE_SIGN_STYLE = Automatic;
				DEVELOPMENT_TEAM = 79A99CS85C;
				INFOPLIST_FILE = syncmoneytechnical/Info.plist;
				LD_RUNPATH_SEARCH_PATHS = (
					"$(inherited)",
					"@executable_path/Frameworks",
				);
				PRODUCT_BUNDLE_IDENTIFIER = "com.jig-r.syncmoneytechnical";
				PRODUCT_NAME = "$(TARGET_NAME)";
				SWIFT_VERSION = 4.2;
				TARGETED_DEVICE_FAMILY = "1,2";
			};
			name = Debug;
		};
		012DE7A4234A0B730010BCFE /* Release */ = {
			isa = XCBuildConfiguration;
			buildSettings = {
				ASSETCATALOG_COMPILER_APPICON_NAME = AppIcon;
				CODE_SIGN_STYLE = Automatic;
				DEVELOPMENT_TEAM = 79A99CS85C;
				INFOPLIST_FILE = syncmoneytechnical/Info.plist;
				LD_RUNPATH_SEARCH_PATHS = (
					"$(inherited)",
					"@executable_path/Frameworks",
				);
				PRODUCT_BUNDLE_IDENTIFIER = "com.jig-r.syncmoneytechnical";
				PRODUCT_NAME = "$(TARGET_NAME)";
				SWIFT_VERSION = 4.2;
				TARGETED_DEVICE_FAMILY = "1,2";
			};
			name = Release;
		};
/* End XCBuildConfiguration section */

/* Begin XCConfigurationList section */
		012DE78B234A0B6E0010BCFE /* Build configuration list for PBXProject "syncmoneytechnical" */ = {
			isa = XCConfigurationList;
			buildConfigurations = (
				012DE7A0234A0B730010BCFE /* Debug */,
				012DE7A1234A0B730010BCFE /* Release */,
			);
			defaultConfigurationIsVisible = 0;
			defaultConfigurationName = Release;
		};
		012DE7A2234A0B730010BCFE /* Build configuration list for PBXNativeTarget "syncmoneytechnical" */ = {
			isa = XCConfigurationList;
			buildConfigurations = (
				012DE7A3234A0B730010BCFE /* Debug */,
				012DE7A4234A0B730010BCFE /* Release */,
			);
			defaultConfigurationIsVisible = 0;
			defaultConfigurationName = Release;
		};
/* End XCConfigurationList section */
	};
	rootObject = 012DE788234A0B6E0010BCFE /* Project object */;
}
